lockfileVersion: 5.3

specifiers:
  lodash: ^4.17.21
  pinia: ^2.0.9

dependencies:
  pinia: 2.0.9

devDependencies:
  lodash: 4.17.21

packages:

  /@vue/devtools-api/6.0.0-beta.21.1:
    resolution: {integrity: sha512-FqC4s3pm35qGVeXRGOjTsRzlkJjrBLriDS9YXbflHLsfA9FrcKzIyWnLXoNm+/7930E8rRakXuAc2QkC50swAw==}
    dev: false

  /lodash/4.17.21:
    resolution: {integrity: sha512-v2kDEe57lecTulaDIuNTPy3Ry4gLGJ6Z1O3vE1krgXZNrsQ+LFTGHVxVjcXPs17LhbZVGedAJv8XZ1tvj5FvSg==}
    dev: true

  /pinia/2.0.9:
    resolution: {integrity: sha512-iuYdxLJKQ07YPyOHYH05wNG9eKWqkP/4y4GE8+RqEYtz5fwHgPA5kr6zQbg/DoEJGnR2XCm1w1vdt6ppzL9ATg==}
    peerDependencies:
      '@vue/composition-api': ^1.4.0
      typescript: '>=4.4.4'
      vue: ^2.6.14 || ^3.2.0
    peerDependenciesMeta:
      '@vue/composition-api':
        optional: true
      typescript:
        optional: true
    dependencies:
      '@vue/devtools-api': 6.0.0-beta.21.1
      vue-demi: 0.12.1
    dev: false

  /vue-demi/0.12.1:
    resolution: {integrity: sha512-QL3ny+wX8c6Xm1/EZylbgzdoDolye+VpCXRhI2hug9dJTP3OUJ3lmiKN3CsVV3mOJKwFi0nsstbgob0vG7aoIw==}
    engines: {node: '>=12'}
    hasBin: true
    requiresBuild: true
    peerDependencies:
      '@vue/composition-api': ^1.0.0-rc.1
      vue: ^3.0.0-0 || ^2.6.0
    peerDependenciesMeta:
      '@vue/composition-api':
        optional: true
    dev: false
